// !$*UTF8*$!
{
	archiveVersion = 1;
	classes = {
	};
	objectVersion = 51;
	objects = {

/* Begin PBXBuildFile section */
		151025082331569400603F55 /* CustomImageView.swift in Sources */ = {isa = PBXBuildFile; fileRef = 151025072331569400603F55 /* CustomImageView.swift */; };
		15263C1023338BAC009F1E09 /* HeadlineViewController.swift in Sources */ = {isa = PBXBuildFile; fileRef = 15263C0E23338BAC009F1E09 /* HeadlineViewController.swift */; };
		15263C1123338BAC009F1E09 /* HeadlineViewController.xib in Resources */ = {isa = PBXBuildFile; fileRef = 15263C0F23338BAC009F1E09 /* HeadlineViewController.xib */; };
		15263C13233396B7009F1E09 /* PersistanceManager.swift in Sources */ = {isa = PBXBuildFile; fileRef = 15263C12233396B7009F1E09 /* PersistanceManager.swift */; };
		15263C1623339CE8009F1E09 /* Article.swift in Sources */ = {isa = PBXBuildFile; fileRef = 15263C1523339CE8009F1E09 /* Article.swift */; };
		15263C1823339D02009F1E09 /* Source.swift in Sources */ = {isa = PBXBuildFile; fileRef = 15263C1723339D02009F1E09 /* Source.swift */; };
		15263C1B23339E2F009F1E09 /* Persistable.swift in Sources */ = {isa = PBXBuildFile; fileRef = 15263C1A23339E2F009F1E09 /* Persistable.swift */; };
		15263C202333CB02009F1E09 /* QueryType.swift in Sources */ = {isa = PBXBuildFile; fileRef = 15263C1F2333CB02009F1E09 /* QueryType.swift */; };
		155AA98F2334E57B0036F37F /* FavoritesHeadlinesViewController.swift in Sources */ = {isa = PBXBuildFile; fileRef = 155AA98E2334E57B0036F37F /* FavoritesHeadlinesViewController.swift */; };
		155AA9912334EC2A0036F37F /* BaseHeadlinesViewController.swift in Sources */ = {isa = PBXBuildFile; fileRef = 155AA9902334EC2A0036F37F /* BaseHeadlinesViewController.swift */; };
		1571B0BB23350A0F004AA911 /* NewsService.swift in Sources */ = {isa = PBXBuildFile; fileRef = 1572D73623313EA400CFBA6F /* NewsService.swift */; };
		1571B0BC23350A0F004AA911 /* HeadlineTableViewCell.swift in Sources */ = {isa = PBXBuildFile; fileRef = 1572D74F233148CA00CFBA6F /* HeadlineTableViewCell.swift */; };
		1571B0BD23350A0F004AA911 /* URLSessionProtocol.swift in Sources */ = {isa = PBXBuildFile; fileRef = 1572D73323313EA400CFBA6F /* URLSessionProtocol.swift */; };
		1571B0BE23350A0F004AA911 /* TopHeadlinesViewController.swift in Sources */ = {isa = PBXBuildFile; fileRef = 1572D71323313E7400CFBA6F /* TopHeadlinesViewController.swift */; };
		1571B0BF23350A0F004AA911 /* Persistable.swift in Sources */ = {isa = PBXBuildFile; fileRef = 15263C1A23339E2F009F1E09 /* Persistable.swift */; };
		1571B0C023350A0F004AA911 /* Source.swift in Sources */ = {isa = PBXBuildFile; fileRef = 15263C1723339D02009F1E09 /* Source.swift */; };
		1571B0C123350A0F004AA911 /* URLRequestExtension.swift in Sources */ = {isa = PBXBuildFile; fileRef = 1572D73023313EA400CFBA6F /* URLRequestExtension.swift */; };
		1571B0C223350A0F004AA911 /* News.swift in Sources */ = {isa = PBXBuildFile; fileRef = 1572D74723313EDD00CFBA6F /* News.swift */; };
		1571B0C323350A0F004AA911 /* FavoritesHeadlinesViewController.swift in Sources */ = {isa = PBXBuildFile; fileRef = 155AA98E2334E57B0036F37F /* FavoritesHeadlinesViewController.swift */; };
		1571B0C423350A0F004AA911 /* NetworkError.swift in Sources */ = {isa = PBXBuildFile; fileRef = 1572D72B23313EA400CFBA6F /* NetworkError.swift */; };
		1571B0C523350A0F004AA911 /* URLComponentsExtension.swift in Sources */ = {isa = PBXBuildFile; fileRef = 1572D72F23313EA400CFBA6F /* URLComponentsExtension.swift */; };
		1571B0C623350A0F004AA911 /* QueryType.swift in Sources */ = {isa = PBXBuildFile; fileRef = 15263C1F2333CB02009F1E09 /* QueryType.swift */; };
		1571B0C723350A0F004AA911 /* BaseHeadlinesViewController.swift in Sources */ = {isa = PBXBuildFile; fileRef = 155AA9902334EC2A0036F37F /* BaseHeadlinesViewController.swift */; };
		1571B0C823350A0F004AA911 /* ProviderProtocol.swift in Sources */ = {isa = PBXBuildFile; fileRef = 1572D73423313EA400CFBA6F /* ProviderProtocol.swift */; };
		1571B0C923350A0F004AA911 /* NetworkResponse.swift in Sources */ = {isa = PBXBuildFile; fileRef = 1572D72823313EA400CFBA6F /* NetworkResponse.swift */; };
		1571B0CA23350A0F004AA911 /* ParametersEncoding.swift in Sources */ = {isa = PBXBuildFile; fileRef = 1572D72723313EA400CFBA6F /* ParametersEncoding.swift */; };
		1571B0CB23350A0F004AA911 /* HeadlineViewController.swift in Sources */ = {isa = PBXBuildFile; fileRef = 15263C0E23338BAC009F1E09 /* HeadlineViewController.swift */; };
		1571B0CC23350A0F004AA911 /* HTTPMethod.swift in Sources */ = {isa = PBXBuildFile; fileRef = 1572D72923313EA400CFBA6F /* HTTPMethod.swift */; };
		1571B0CD23350A0F004AA911 /* URLSessionProvider.swift in Sources */ = {isa = PBXBuildFile; fileRef = 1572D72D23313EA400CFBA6F /* URLSessionProvider.swift */; };
		1571B0CE23350A0F004AA911 /* Article.swift in Sources */ = {isa = PBXBuildFile; fileRef = 15263C1523339CE8009F1E09 /* Article.swift */; };
		1571B0CF23350A0F004AA911 /* Task.swift in Sources */ = {isa = PBXBuildFile; fileRef = 1572D72A23313EA400CFBA6F /* Task.swift */; };
		1571B0D023350A0F004AA911 /* PersistanceManager.swift in Sources */ = {isa = PBXBuildFile; fileRef = 15263C12233396B7009F1E09 /* PersistanceManager.swift */; };
		1571B0D223350A0F004AA911 /* AppDelegate.swift in Sources */ = {isa = PBXBuildFile; fileRef = 1572D71123313E7400CFBA6F /* AppDelegate.swift */; };
		1571B0D323350A0F004AA911 /* CustomImageView.swift in Sources */ = {isa = PBXBuildFile; fileRef = 151025072331569400603F55 /* CustomImageView.swift */; };
		1571B0D423350A0F004AA911 /* ServiceProtocol.swift in Sources */ = {isa = PBXBuildFile; fileRef = 1572D73223313EA400CFBA6F /* ServiceProtocol.swift */; };
		1571B0D623350A0F004AA911 /* Pods_CriticalTechWorks_2019.framework in Frameworks */ = {isa = PBXBuildFile; fileRef = 872F85DC89F9CFE9DCE643A4 /* Pods_CriticalTechWorks_2019.framework */; };
		1571B0D823350A0F004AA911 /* HeadlineViewController.xib in Resources */ = {isa = PBXBuildFile; fileRef = 15263C0F23338BAC009F1E09 /* HeadlineViewController.xib */; };
		1571B0D923350A0F004AA911 /* LaunchScreen.storyboard in Resources */ = {isa = PBXBuildFile; fileRef = 1572D71A23313E7600CFBA6F /* LaunchScreen.storyboard */; };
		1571B0DA23350A0F004AA911 /* HeadlineTableViewCell.xib in Resources */ = {isa = PBXBuildFile; fileRef = 1572D750233148CA00CFBA6F /* HeadlineTableViewCell.xib */; };
		1571B0DB23350A0F004AA911 /* Assets.xcassets in Resources */ = {isa = PBXBuildFile; fileRef = 1572D71823313E7600CFBA6F /* Assets.xcassets */; };
		1571B0E72335131E004AA911 /* Environment.swift in Sources */ = {isa = PBXBuildFile; fileRef = 1571B0E62335131E004AA911 /* Environment.swift */; };
		1571B0E82335131E004AA911 /* Environment.swift in Sources */ = {isa = PBXBuildFile; fileRef = 1571B0E62335131E004AA911 /* Environment.swift */; };
		1571B0EB23351DF3004AA911 /* Info_PT.plist in Resources */ = {isa = PBXBuildFile; fileRef = 1572D71D23313E7600CFBA6F /* Info_PT.plist */; };
		1571B0EC23351DF6004AA911 /* Info_US.plist in Resources */ = {isa = PBXBuildFile; fileRef = 1571B0E223350CE3004AA911 /* Info_US.plist */; };
		1571B0F12335221E004AA911 /* AuthenticationViewController.swift in Sources */ = {isa = PBXBuildFile; fileRef = 1571B0EF2335221E004AA911 /* AuthenticationViewController.swift */; };
		1571B0F22335221E004AA911 /* AuthenticationViewController.swift in Sources */ = {isa = PBXBuildFile; fileRef = 1571B0EF2335221E004AA911 /* AuthenticationViewController.swift */; };
		1571B0F32335221E004AA911 /* AuthenticationViewController.xib in Resources */ = {isa = PBXBuildFile; fileRef = 1571B0F02335221E004AA911 /* AuthenticationViewController.xib */; };
		1571B0F42335221E004AA911 /* AuthenticationViewController.xib in Resources */ = {isa = PBXBuildFile; fileRef = 1571B0F02335221E004AA911 /* AuthenticationViewController.xib */; };
		1571B0F623352340004AA911 /* String+Localized.swift in Sources */ = {isa = PBXBuildFile; fileRef = 1571B0F523352340004AA911 /* String+Localized.swift */; };
		1571B0F723352340004AA911 /* String+Localized.swift in Sources */ = {isa = PBXBuildFile; fileRef = 1571B0F523352340004AA911 /* String+Localized.swift */; };
		1571B0FD23352450004AA911 /* Localizable.strings in Resources */ = {isa = PBXBuildFile; fileRef = 1571B10023352450004AA911 /* Localizable.strings */; };
		1571B0FE23352450004AA911 /* Localizable.strings in Resources */ = {isa = PBXBuildFile; fileRef = 1571B10023352450004AA911 /* Localizable.strings */; };
		1572D71223313E7400CFBA6F /* AppDelegate.swift in Sources */ = {isa = PBXBuildFile; fileRef = 1572D71123313E7400CFBA6F /* AppDelegate.swift */; };
		1572D71423313E7400CFBA6F /* TopHeadlinesViewController.swift in Sources */ = {isa = PBXBuildFile; fileRef = 1572D71323313E7400CFBA6F /* TopHeadlinesViewController.swift */; };
		1572D71923313E7600CFBA6F /* Assets.xcassets in Resources */ = {isa = PBXBuildFile; fileRef = 1572D71823313E7600CFBA6F /* Assets.xcassets */; };
		1572D71C23313E7600CFBA6F /* LaunchScreen.storyboard in Resources */ = {isa = PBXBuildFile; fileRef = 1572D71A23313E7600CFBA6F /* LaunchScreen.storyboard */; };
		1572D73723313EA400CFBA6F /* ParametersEncoding.swift in Sources */ = {isa = PBXBuildFile; fileRef = 1572D72723313EA400CFBA6F /* ParametersEncoding.swift */; };
		1572D73823313EA400CFBA6F /* NetworkResponse.swift in Sources */ = {isa = PBXBuildFile; fileRef = 1572D72823313EA400CFBA6F /* NetworkResponse.swift */; };
		1572D73923313EA400CFBA6F /* HTTPMethod.swift in Sources */ = {isa = PBXBuildFile; fileRef = 1572D72923313EA400CFBA6F /* HTTPMethod.swift */; };
		1572D73A23313EA400CFBA6F /* Task.swift in Sources */ = {isa = PBXBuildFile; fileRef = 1572D72A23313EA400CFBA6F /* Task.swift */; };
		1572D73B23313EA400CFBA6F /* NetworkError.swift in Sources */ = {isa = PBXBuildFile; fileRef = 1572D72B23313EA400CFBA6F /* NetworkError.swift */; };
		1572D73C23313EA400CFBA6F /* URLSessionProvider.swift in Sources */ = {isa = PBXBuildFile; fileRef = 1572D72D23313EA400CFBA6F /* URLSessionProvider.swift */; };
		1572D73D23313EA400CFBA6F /* URLComponentsExtension.swift in Sources */ = {isa = PBXBuildFile; fileRef = 1572D72F23313EA400CFBA6F /* URLComponentsExtension.swift */; };
		1572D73E23313EA400CFBA6F /* URLRequestExtension.swift in Sources */ = {isa = PBXBuildFile; fileRef = 1572D73023313EA400CFBA6F /* URLRequestExtension.swift */; };
		1572D73F23313EA400CFBA6F /* ServiceProtocol.swift in Sources */ = {isa = PBXBuildFile; fileRef = 1572D73223313EA400CFBA6F /* ServiceProtocol.swift */; };
		1572D74023313EA400CFBA6F /* URLSessionProtocol.swift in Sources */ = {isa = PBXBuildFile; fileRef = 1572D73323313EA400CFBA6F /* URLSessionProtocol.swift */; };
		1572D74123313EA400CFBA6F /* ProviderProtocol.swift in Sources */ = {isa = PBXBuildFile; fileRef = 1572D73423313EA400CFBA6F /* ProviderProtocol.swift */; };
		1572D74223313EA400CFBA6F /* NewsService.swift in Sources */ = {isa = PBXBuildFile; fileRef = 1572D73623313EA400CFBA6F /* NewsService.swift */; };
		1572D74C23313EDD00CFBA6F /* News.swift in Sources */ = {isa = PBXBuildFile; fileRef = 1572D74723313EDD00CFBA6F /* News.swift */; };
		1572D751233148CA00CFBA6F /* HeadlineTableViewCell.swift in Sources */ = {isa = PBXBuildFile; fileRef = 1572D74F233148CA00CFBA6F /* HeadlineTableViewCell.swift */; };
		1572D752233148CA00CFBA6F /* HeadlineTableViewCell.xib in Resources */ = {isa = PBXBuildFile; fileRef = 1572D750233148CA00CFBA6F /* HeadlineTableViewCell.xib */; };
		15FE25A22337A83000C37E6F /* TopHeadlinesPTTests.swift in Sources */ = {isa = PBXBuildFile; fileRef = 15FE25A12337A83000C37E6F /* TopHeadlinesPTTests.swift */; };
		90C97DA79B90F36DFD2A9BBC /* Pods_CriticalTechWorks_2019SlowTests.framework in Frameworks */ = {isa = PBXBuildFile; fileRef = 3897E3CFF1ED9CF2C4C7AFCD /* Pods_CriticalTechWorks_2019SlowTests.framework */; };
		B152356F52300E5DC2177613 /* Pods_CriticalTechWorks_2019.framework in Frameworks */ = {isa = PBXBuildFile; fileRef = 872F85DC89F9CFE9DCE643A4 /* Pods_CriticalTechWorks_2019.framework */; };
		F1B1B4481AC68DBE67D21B6A /* Pods_CriticalTechWorks_2019FakeTests.framework in Frameworks */ = {isa = PBXBuildFile; fileRef = 8079A483019F734B0B5A74D4 /* Pods_CriticalTechWorks_2019FakeTests.framework */; };
/* End PBXBuildFile section */

/* Begin PBXContainerItemProxy section */
		15FDC26C23322E3A00AC7092 /* PBXContainerItemProxy */ = {
			isa = PBXContainerItemProxy;
			containerPortal = 1572D70623313E7400CFBA6F /* Project object */;
			proxyType = 1;
			remoteGlobalIDString = 1572D70D23313E7400CFBA6F;
			remoteInfo = "CriticalTechWorks 2019";
		};
		15FDC27A2332314C00AC7092 /* PBXContainerItemProxy */ = {
			isa = PBXContainerItemProxy;
			containerPortal = 1572D70623313E7400CFBA6F /* Project object */;
			proxyType = 1;
			remoteGlobalIDString = 1572D70D23313E7400CFBA6F;
			remoteInfo = "CriticalTechWorks 2019";
		};
		15FE25A42337A83000C37E6F /* PBXContainerItemProxy */ = {
			isa = PBXContainerItemProxy;
			containerPortal = 1572D70623313E7400CFBA6F /* Project object */;
			proxyType = 1;
			remoteGlobalIDString = 1572D70D23313E7400CFBA6F;
			remoteInfo = "CriticalTechWorks 2019 PT";
		};
/* End PBXContainerItemProxy section */

/* Begin PBXFileReference section */
		0E17DCE5DD6F9BC82B36EC45 /* Pods-CriticalTechWorks 2019SlowTests.release.xcconfig */ = {isa = PBXFileReference; includeInIndex = 1; lastKnownFileType = text.xcconfig; name = "Pods-CriticalTechWorks 2019SlowTests.release.xcconfig"; path = "Target Support Files/Pods-CriticalTechWorks 2019SlowTests/Pods-CriticalTechWorks 2019SlowTests.release.xcconfig"; sourceTree = "<group>"; };
		151025072331569400603F55 /* CustomImageView.swift */ = {isa = PBXFileReference; lastKnownFileType = sourcecode.swift; path = CustomImageView.swift; sourceTree = "<group>"; };
		15263C0E23338BAC009F1E09 /* HeadlineViewController.swift */ = {isa = PBXFileReference; lastKnownFileType = sourcecode.swift; path = HeadlineViewController.swift; sourceTree = "<group>"; };
		15263C0F23338BAC009F1E09 /* HeadlineViewController.xib */ = {isa = PBXFileReference; lastKnownFileType = file.xib; path = HeadlineViewController.xib; sourceTree = "<group>"; };
		15263C12233396B7009F1E09 /* PersistanceManager.swift */ = {isa = PBXFileReference; fileEncoding = 4; lastKnownFileType = sourcecode.swift; path = PersistanceManager.swift; sourceTree = "<group>"; };
		15263C1523339CE8009F1E09 /* Article.swift */ = {isa = PBXFileReference; lastKnownFileType = sourcecode.swift; path = Article.swift; sourceTree = "<group>"; };
		15263C1723339D02009F1E09 /* Source.swift */ = {isa = PBXFileReference; lastKnownFileType = sourcecode.swift; path = Source.swift; sourceTree = "<group>"; };
		15263C1A23339E2F009F1E09 /* Persistable.swift */ = {isa = PBXFileReference; lastKnownFileType = sourcecode.swift; path = Persistable.swift; sourceTree = "<group>"; };
		15263C1F2333CB02009F1E09 /* QueryType.swift */ = {isa = PBXFileReference; lastKnownFileType = sourcecode.swift; path = QueryType.swift; sourceTree = "<group>"; };
		155AA98E2334E57B0036F37F /* FavoritesHeadlinesViewController.swift */ = {isa = PBXFileReference; lastKnownFileType = sourcecode.swift; path = FavoritesHeadlinesViewController.swift; sourceTree = "<group>"; };
		155AA9902334EC2A0036F37F /* BaseHeadlinesViewController.swift */ = {isa = PBXFileReference; lastKnownFileType = sourcecode.swift; path = BaseHeadlinesViewController.swift; sourceTree = "<group>"; };
		1571B0E023350A0F004AA911 /* CriticalTechWorks 2019 US.app */ = {isa = PBXFileReference; explicitFileType = wrapper.application; includeInIndex = 0; path = "CriticalTechWorks 2019 US.app"; sourceTree = BUILT_PRODUCTS_DIR; };
		1571B0E223350CE3004AA911 /* Info_US.plist */ = {isa = PBXFileReference; fileEncoding = 4; lastKnownFileType = text.plist.xml; path = Info_US.plist; sourceTree = "<group>"; };
		1571B0E62335131E004AA911 /* Environment.swift */ = {isa = PBXFileReference; fileEncoding = 4; lastKnownFileType = sourcecode.swift; path = Environment.swift; sourceTree = "<group>"; };
		1571B0EF2335221E004AA911 /* AuthenticationViewController.swift */ = {isa = PBXFileReference; lastKnownFileType = sourcecode.swift; path = AuthenticationViewController.swift; sourceTree = "<group>"; };
		1571B0F02335221E004AA911 /* AuthenticationViewController.xib */ = {isa = PBXFileReference; lastKnownFileType = file.xib; path = AuthenticationViewController.xib; sourceTree = "<group>"; };
		1571B0F523352340004AA911 /* String+Localized.swift */ = {isa = PBXFileReference; lastKnownFileType = sourcecode.swift; path = "String+Localized.swift"; sourceTree = "<group>"; };
		1571B0F923352411004AA911 /* pt-PT */ = {isa = PBXFileReference; lastKnownFileType = text.plist.strings; name = "pt-PT"; path = "pt-PT.lproj/LaunchScreen.strings"; sourceTree = "<group>"; };
		1571B0FF23352450004AA911 /* en */ = {isa = PBXFileReference; lastKnownFileType = text.plist.strings; name = en; path = en.lproj/Localizable.strings; sourceTree = "<group>"; };
		1572D70E23313E7400CFBA6F /* CriticalTechWorks 2019 PT.app */ = {isa = PBXFileReference; explicitFileType = wrapper.application; includeInIndex = 0; path = "CriticalTechWorks 2019 PT.app"; sourceTree = BUILT_PRODUCTS_DIR; };
		1572D71123313E7400CFBA6F /* AppDelegate.swift */ = {isa = PBXFileReference; lastKnownFileType = sourcecode.swift; path = AppDelegate.swift; sourceTree = "<group>"; };
		1572D71323313E7400CFBA6F /* TopHeadlinesViewController.swift */ = {isa = PBXFileReference; lastKnownFileType = sourcecode.swift; path = TopHeadlinesViewController.swift; sourceTree = "<group>"; };
		1572D71823313E7600CFBA6F /* Assets.xcassets */ = {isa = PBXFileReference; lastKnownFileType = folder.assetcatalog; path = Assets.xcassets; sourceTree = "<group>"; };
		1572D71B23313E7600CFBA6F /* Base */ = {isa = PBXFileReference; lastKnownFileType = file.storyboard; name = Base; path = Base.lproj/LaunchScreen.storyboard; sourceTree = "<group>"; };
		1572D71D23313E7600CFBA6F /* Info_PT.plist */ = {isa = PBXFileReference; lastKnownFileType = text.plist.xml; path = Info_PT.plist; sourceTree = "<group>"; };
		1572D72723313EA400CFBA6F /* ParametersEncoding.swift */ = {isa = PBXFileReference; fileEncoding = 4; lastKnownFileType = sourcecode.swift; path = ParametersEncoding.swift; sourceTree = "<group>"; };
		1572D72823313EA400CFBA6F /* NetworkResponse.swift */ = {isa = PBXFileReference; fileEncoding = 4; lastKnownFileType = sourcecode.swift; path = NetworkResponse.swift; sourceTree = "<group>"; };
		1572D72923313EA400CFBA6F /* HTTPMethod.swift */ = {isa = PBXFileReference; fileEncoding = 4; lastKnownFileType = sourcecode.swift; path = HTTPMethod.swift; sourceTree = "<group>"; };
		1572D72A23313EA400CFBA6F /* Task.swift */ = {isa = PBXFileReference; fileEncoding = 4; lastKnownFileType = sourcecode.swift; path = Task.swift; sourceTree = "<group>"; };
		1572D72B23313EA400CFBA6F /* NetworkError.swift */ = {isa = PBXFileReference; fileEncoding = 4; lastKnownFileType = sourcecode.swift; path = NetworkError.swift; sourceTree = "<group>"; };
		1572D72D23313EA400CFBA6F /* URLSessionProvider.swift */ = {isa = PBXFileReference; fileEncoding = 4; lastKnownFileType = sourcecode.swift; path = URLSessionProvider.swift; sourceTree = "<group>"; };
		1572D72F23313EA400CFBA6F /* URLComponentsExtension.swift */ = {isa = PBXFileReference; fileEncoding = 4; lastKnownFileType = sourcecode.swift; path = URLComponentsExtension.swift; sourceTree = "<group>"; };
		1572D73023313EA400CFBA6F /* URLRequestExtension.swift */ = {isa = PBXFileReference; fileEncoding = 4; lastKnownFileType = sourcecode.swift; path = URLRequestExtension.swift; sourceTree = "<group>"; };
		1572D73223313EA400CFBA6F /* ServiceProtocol.swift */ = {isa = PBXFileReference; fileEncoding = 4; lastKnownFileType = sourcecode.swift; path = ServiceProtocol.swift; sourceTree = "<group>"; };
		1572D73323313EA400CFBA6F /* URLSessionProtocol.swift */ = {isa = PBXFileReference; fileEncoding = 4; lastKnownFileType = sourcecode.swift; path = URLSessionProtocol.swift; sourceTree = "<group>"; };
		1572D73423313EA400CFBA6F /* ProviderProtocol.swift */ = {isa = PBXFileReference; fileEncoding = 4; lastKnownFileType = sourcecode.swift; path = ProviderProtocol.swift; sourceTree = "<group>"; };
		1572D73623313EA400CFBA6F /* NewsService.swift */ = {isa = PBXFileReference; fileEncoding = 4; lastKnownFileType = sourcecode.swift; path = NewsService.swift; sourceTree = "<group>"; };
		1572D74723313EDD00CFBA6F /* News.swift */ = {isa = PBXFileReference; fileEncoding = 4; lastKnownFileType = sourcecode.swift; path = News.swift; sourceTree = "<group>"; };
		1572D74F233148CA00CFBA6F /* HeadlineTableViewCell.swift */ = {isa = PBXFileReference; lastKnownFileType = sourcecode.swift; path = HeadlineTableViewCell.swift; sourceTree = "<group>"; };
		1572D750233148CA00CFBA6F /* HeadlineTableViewCell.xib */ = {isa = PBXFileReference; lastKnownFileType = file.xib; path = HeadlineTableViewCell.xib; sourceTree = "<group>"; };
		15FDC26723322E3A00AC7092 /* CriticalTechWorks 2019SlowTests.xctest */ = {isa = PBXFileReference; explicitFileType = wrapper.cfbundle; includeInIndex = 0; path = "CriticalTechWorks 2019SlowTests.xctest"; sourceTree = BUILT_PRODUCTS_DIR; };
		15FDC2752332314C00AC7092 /* CriticalTechWorks 2019FakeTests.xctest */ = {isa = PBXFileReference; explicitFileType = wrapper.cfbundle; includeInIndex = 0; path = "CriticalTechWorks 2019FakeTests.xctest"; sourceTree = BUILT_PRODUCTS_DIR; };
		15FE259F2337A83000C37E6F /* CriticalTechWorks 2019 PT Tests.xctest */ = {isa = PBXFileReference; explicitFileType = wrapper.cfbundle; includeInIndex = 0; path = "CriticalTechWorks 2019 PT Tests.xctest"; sourceTree = BUILT_PRODUCTS_DIR; };
		15FE25A12337A83000C37E6F /* TopHeadlinesPTTests.swift */ = {isa = PBXFileReference; lastKnownFileType = sourcecode.swift; path = TopHeadlinesPTTests.swift; sourceTree = "<group>"; };
		15FE25A32337A83000C37E6F /* Info.plist */ = {isa = PBXFileReference; lastKnownFileType = text.plist.xml; path = Info.plist; sourceTree = "<group>"; };
		3897E3CFF1ED9CF2C4C7AFCD /* Pods_CriticalTechWorks_2019SlowTests.framework */ = {isa = PBXFileReference; explicitFileType = wrapper.framework; includeInIndex = 0; path = Pods_CriticalTechWorks_2019SlowTests.framework; sourceTree = BUILT_PRODUCTS_DIR; };
		38F0218FF33B1D197A7CED72 /* Pods-CriticalTechWorks 2019FakeTests.release.xcconfig */ = {isa = PBXFileReference; includeInIndex = 1; lastKnownFileType = text.xcconfig; name = "Pods-CriticalTechWorks 2019FakeTests.release.xcconfig"; path = "Target Support Files/Pods-CriticalTechWorks 2019FakeTests/Pods-CriticalTechWorks 2019FakeTests.release.xcconfig"; sourceTree = "<group>"; };
		8079A483019F734B0B5A74D4 /* Pods_CriticalTechWorks_2019FakeTests.framework */ = {isa = PBXFileReference; explicitFileType = wrapper.framework; includeInIndex = 0; path = Pods_CriticalTechWorks_2019FakeTests.framework; sourceTree = BUILT_PRODUCTS_DIR; };
		80B41A2427D25C2F20E1E1D7 /* Pods-CriticalTechWorks 2019.debug.xcconfig */ = {isa = PBXFileReference; includeInIndex = 1; lastKnownFileType = text.xcconfig; name = "Pods-CriticalTechWorks 2019.debug.xcconfig"; path = "Target Support Files/Pods-CriticalTechWorks 2019/Pods-CriticalTechWorks 2019.debug.xcconfig"; sourceTree = "<group>"; };
		872F85DC89F9CFE9DCE643A4 /* Pods_CriticalTechWorks_2019.framework */ = {isa = PBXFileReference; explicitFileType = wrapper.framework; includeInIndex = 0; path = Pods_CriticalTechWorks_2019.framework; sourceTree = BUILT_PRODUCTS_DIR; };
		8D4787A5AB523F11A49B2235 /* Pods-CriticalTechWorks 2019FakeTests.debug.xcconfig */ = {isa = PBXFileReference; includeInIndex = 1; lastKnownFileType = text.xcconfig; name = "Pods-CriticalTechWorks 2019FakeTests.debug.xcconfig"; path = "Target Support Files/Pods-CriticalTechWorks 2019FakeTests/Pods-CriticalTechWorks 2019FakeTests.debug.xcconfig"; sourceTree = "<group>"; };
		A998920EDFE2B4DB299D9ACA /* Pods-CriticalTechWorks 2019SlowTests.debug.xcconfig */ = {isa = PBXFileReference; includeInIndex = 1; lastKnownFileType = text.xcconfig; name = "Pods-CriticalTechWorks 2019SlowTests.debug.xcconfig"; path = "Target Support Files/Pods-CriticalTechWorks 2019SlowTests/Pods-CriticalTechWorks 2019SlowTests.debug.xcconfig"; sourceTree = "<group>"; };
		D4FEE7CF716534446028AF14 /* Pods-CriticalTechWorks 2019.release.xcconfig */ = {isa = PBXFileReference; includeInIndex = 1; lastKnownFileType = text.xcconfig; name = "Pods-CriticalTechWorks 2019.release.xcconfig"; path = "Target Support Files/Pods-CriticalTechWorks 2019/Pods-CriticalTechWorks 2019.release.xcconfig"; sourceTree = "<group>"; };
/* End PBXFileReference section */

/* Begin PBXFrameworksBuildPhase section */
		1571B0D523350A0F004AA911 /* Frameworks */ = {
			isa = PBXFrameworksBuildPhase;
			buildActionMask = 2147483647;
			files = (
				1571B0D623350A0F004AA911 /* Pods_CriticalTechWorks_2019.framework in Frameworks */,
			);
			runOnlyForDeploymentPostprocessing = 0;
		};
		1572D70B23313E7400CFBA6F /* Frameworks */ = {
			isa = PBXFrameworksBuildPhase;
			buildActionMask = 2147483647;
			files = (
				B152356F52300E5DC2177613 /* Pods_CriticalTechWorks_2019.framework in Frameworks */,
			);
			runOnlyForDeploymentPostprocessing = 0;
		};
		15FDC26423322E3A00AC7092 /* Frameworks */ = {
			isa = PBXFrameworksBuildPhase;
			buildActionMask = 2147483647;
			files = (
				90C97DA79B90F36DFD2A9BBC /* Pods_CriticalTechWorks_2019SlowTests.framework in Frameworks */,
			);
			runOnlyForDeploymentPostprocessing = 0;
		};
		15FDC2722332314C00AC7092 /* Frameworks */ = {
			isa = PBXFrameworksBuildPhase;
			buildActionMask = 2147483647;
			files = (
				F1B1B4481AC68DBE67D21B6A /* Pods_CriticalTechWorks_2019FakeTests.framework in Frameworks */,
			);
			runOnlyForDeploymentPostprocessing = 0;
		};
		15FE259C2337A83000C37E6F /* Frameworks */ = {
			isa = PBXFrameworksBuildPhase;
			buildActionMask = 2147483647;
			files = (
			);
			runOnlyForDeploymentPostprocessing = 0;
		};
/* End PBXFrameworksBuildPhase section */

/* Begin PBXGroup section */
		15102509233168F400603F55 /* Utils */ = {
			isa = PBXGroup;
			children = (
				151025072331569400603F55 /* CustomImageView.swift */,
			);
			path = Utils;
			sourceTree = "<group>";
		};
		15263C14233396BC009F1E09 /* Persistence */ = {
			isa = PBXGroup;
			children = (
				15263C12233396B7009F1E09 /* PersistanceManager.swift */,
				15263C1C2333A053009F1E09 /* Protocol */,
			);
			path = Persistence;
			sourceTree = "<group>";
		};
		15263C1C2333A053009F1E09 /* Protocol */ = {
			isa = PBXGroup;
			children = (
				15263C1A23339E2F009F1E09 /* Persistable.swift */,
				15263C1F2333CB02009F1E09 /* QueryType.swift */,
			);
			path = Protocol;
			sourceTree = "<group>";
		};
		155AA9922334ECF70036F37F /* Headlines */ = {
			isa = PBXGroup;
			children = (
				155AA9902334EC2A0036F37F /* BaseHeadlinesViewController.swift */,
				1572D71323313E7400CFBA6F /* TopHeadlinesViewController.swift */,
				155AA98E2334E57B0036F37F /* FavoritesHeadlinesViewController.swift */,
			);
			path = Headlines;
			sourceTree = "<group>";
		};
		1571B0ED233520A9004AA911 /* Resources */ = {
			isa = PBXGroup;
			children = (
				1571B10023352450004AA911 /* Localizable.strings */,
				1572D71823313E7600CFBA6F /* Assets.xcassets */,
				1572D71A23313E7600CFBA6F /* LaunchScreen.storyboard */,
				1572D71D23313E7600CFBA6F /* Info_PT.plist */,
				1571B0E223350CE3004AA911 /* Info_US.plist */,
			);
			path = Resources;
			sourceTree = "<group>";
		};
		1571B0EE233520C0004AA911 /* Utils */ = {
			isa = PBXGroup;
			children = (
				1571B0E62335131E004AA911 /* Environment.swift */,
			);
			path = Utils;
			sourceTree = "<group>";
		};
		1571B0F823352344004AA911 /* Helpers */ = {
			isa = PBXGroup;
			children = (
				1571B0F523352340004AA911 /* String+Localized.swift */,
			);
			path = Helpers;
			sourceTree = "<group>";
		};
		1572D70523313E7400CFBA6F = {
			isa = PBXGroup;
			children = (
				1572D71023313E7400CFBA6F /* CriticalTechWorks 2019 */,
				15FE25A02337A83000C37E6F /* CriticalTechWorks 2019 PT Tests */,
				1572D70F23313E7400CFBA6F /* Products */,
				E55578989032A7449D018136 /* Pods */,
				3CFA73C8ABCB6B05FD48B7F8 /* Frameworks */,
			);
			sourceTree = "<group>";
		};
		1572D70F23313E7400CFBA6F /* Products */ = {
			isa = PBXGroup;
			children = (
				1572D70E23313E7400CFBA6F /* CriticalTechWorks 2019 PT.app */,
				15FDC26723322E3A00AC7092 /* CriticalTechWorks 2019SlowTests.xctest */,
				15FDC2752332314C00AC7092 /* CriticalTechWorks 2019FakeTests.xctest */,
				1571B0E023350A0F004AA911 /* CriticalTechWorks 2019 US.app */,
				15FE259F2337A83000C37E6F /* CriticalTechWorks 2019 PT Tests.xctest */,
			);
			name = Products;
			sourceTree = "<group>";
		};
		1572D71023313E7400CFBA6F /* CriticalTechWorks 2019 */ = {
			isa = PBXGroup;
			children = (
				1572D71123313E7400CFBA6F /* AppDelegate.swift */,
				1571B0F823352344004AA911 /* Helpers */,
				1572D74323313EDD00CFBA6F /* Model */,
				1572D753233148CE00CFBA6F /* View */,
				1572D74E2331412F00CFBA6F /* Controller */,
				1572D72523313EA400CFBA6F /* Networking */,
				15263C14233396BC009F1E09 /* Persistence */,
				1571B0EE233520C0004AA911 /* Utils */,
				1571B0ED233520A9004AA911 /* Resources */,
			);
			path = "CriticalTechWorks 2019";
			sourceTree = "<group>";
		};
		1572D72523313EA400CFBA6F /* Networking */ = {
			isa = PBXGroup;
			children = (
				1572D72C23313EA400CFBA6F /* Provider */,
				1572D72623313EA400CFBA6F /* Enums */,
				1572D72E23313EA400CFBA6F /* Extensions */,
				1572D73123313EA400CFBA6F /* Protocols */,
				1572D73523313EA400CFBA6F /* Services */,
			);
			path = Networking;
			sourceTree = "<group>";
		};
		1572D72623313EA400CFBA6F /* Enums */ = {
			isa = PBXGroup;
			children = (
				1572D72723313EA400CFBA6F /* ParametersEncoding.swift */,
				1572D72823313EA400CFBA6F /* NetworkResponse.swift */,
				1572D72923313EA400CFBA6F /* HTTPMethod.swift */,
				1572D72A23313EA400CFBA6F /* Task.swift */,
				1572D72B23313EA400CFBA6F /* NetworkError.swift */,
			);
			path = Enums;
			sourceTree = "<group>";
		};
		1572D72C23313EA400CFBA6F /* Provider */ = {
			isa = PBXGroup;
			children = (
				1572D72D23313EA400CFBA6F /* URLSessionProvider.swift */,
			);
			path = Provider;
			sourceTree = "<group>";
		};
		1572D72E23313EA400CFBA6F /* Extensions */ = {
			isa = PBXGroup;
			children = (
				1572D72F23313EA400CFBA6F /* URLComponentsExtension.swift */,
				1572D73023313EA400CFBA6F /* URLRequestExtension.swift */,
			);
			path = Extensions;
			sourceTree = "<group>";
		};
		1572D73123313EA400CFBA6F /* Protocols */ = {
			isa = PBXGroup;
			children = (
				1572D73223313EA400CFBA6F /* ServiceProtocol.swift */,
				1572D73323313EA400CFBA6F /* URLSessionProtocol.swift */,
				1572D73423313EA400CFBA6F /* ProviderProtocol.swift */,
			);
			path = Protocols;
			sourceTree = "<group>";
		};
		1572D73523313EA400CFBA6F /* Services */ = {
			isa = PBXGroup;
			children = (
				1572D73623313EA400CFBA6F /* NewsService.swift */,
			);
			path = Services;
			sourceTree = "<group>";
		};
		1572D74323313EDD00CFBA6F /* Model */ = {
			isa = PBXGroup;
			children = (
				1572D74723313EDD00CFBA6F /* News.swift */,
				15263C1523339CE8009F1E09 /* Article.swift */,
				15263C1723339D02009F1E09 /* Source.swift */,
			);
			path = Model;
			sourceTree = "<group>";
		};
		1572D74E2331412F00CFBA6F /* Controller */ = {
			isa = PBXGroup;
			children = (
				1571B0EF2335221E004AA911 /* AuthenticationViewController.swift */,
				1571B0F02335221E004AA911 /* AuthenticationViewController.xib */,
				155AA9922334ECF70036F37F /* Headlines */,
				15263C0E23338BAC009F1E09 /* HeadlineViewController.swift */,
				15263C0F23338BAC009F1E09 /* HeadlineViewController.xib */,
			);
			path = Controller;
			sourceTree = "<group>";
		};
		1572D753233148CE00CFBA6F /* View */ = {
			isa = PBXGroup;
			children = (
				1572D74F233148CA00CFBA6F /* HeadlineTableViewCell.swift */,
				1572D750233148CA00CFBA6F /* HeadlineTableViewCell.xib */,
				15102509233168F400603F55 /* Utils */,
			);
			path = View;
			sourceTree = "<group>";
		};
		15FE25A02337A83000C37E6F /* CriticalTechWorks 2019 PT Tests */ = {
			isa = PBXGroup;
			children = (
				15FE25A12337A83000C37E6F /* TopHeadlinesPTTests.swift */,
				15FE25A32337A83000C37E6F /* Info.plist */,
			);
			path = "CriticalTechWorks 2019 PT Tests";
			sourceTree = "<group>";
		};
		3CFA73C8ABCB6B05FD48B7F8 /* Frameworks */ = {
			isa = PBXGroup;
			children = (
				872F85DC89F9CFE9DCE643A4 /* Pods_CriticalTechWorks_2019.framework */,
				8079A483019F734B0B5A74D4 /* Pods_CriticalTechWorks_2019FakeTests.framework */,
				3897E3CFF1ED9CF2C4C7AFCD /* Pods_CriticalTechWorks_2019SlowTests.framework */,
			);
			name = Frameworks;
			sourceTree = "<group>";
		};
		E55578989032A7449D018136 /* Pods */ = {
			isa = PBXGroup;
			children = (
				80B41A2427D25C2F20E1E1D7 /* Pods-CriticalTechWorks 2019.debug.xcconfig */,
				D4FEE7CF716534446028AF14 /* Pods-CriticalTechWorks 2019.release.xcconfig */,
				8D4787A5AB523F11A49B2235 /* Pods-CriticalTechWorks 2019FakeTests.debug.xcconfig */,
				38F0218FF33B1D197A7CED72 /* Pods-CriticalTechWorks 2019FakeTests.release.xcconfig */,
				A998920EDFE2B4DB299D9ACA /* Pods-CriticalTechWorks 2019SlowTests.debug.xcconfig */,
				0E17DCE5DD6F9BC82B36EC45 /* Pods-CriticalTechWorks 2019SlowTests.release.xcconfig */,
			);
			path = Pods;
			sourceTree = "<group>";
		};
/* End PBXGroup section */

/* Begin PBXNativeTarget section */
		1571B0B823350A0F004AA911 /* CriticalTechWorks 2019 US */ = {
			isa = PBXNativeTarget;
			buildConfigurationList = 1571B0DD23350A0F004AA911 /* Build configuration list for PBXNativeTarget "CriticalTechWorks 2019 US" */;
			buildPhases = (
				1571B0B923350A0F004AA911 /* [CP] Check Pods Manifest.lock */,
				1571B0BA23350A0F004AA911 /* Sources */,
				1571B0D523350A0F004AA911 /* Frameworks */,
				1571B0D723350A0F004AA911 /* Resources */,
				1571B0DC23350A0F004AA911 /* [CP] Embed Pods Frameworks */,
			);
			buildRules = (
			);
			dependencies = (
			);
			name = "CriticalTechWorks 2019 US";
			productName = "CriticalTechWorks 2019";
			productReference = 1571B0E023350A0F004AA911 /* CriticalTechWorks 2019 US.app */;
			productType = "com.apple.product-type.application";
		};
		1572D70D23313E7400CFBA6F /* CriticalTechWorks 2019 PT */ = {
			isa = PBXNativeTarget;
			buildConfigurationList = 1572D72023313E7600CFBA6F /* Build configuration list for PBXNativeTarget "CriticalTechWorks 2019 PT" */;
			buildPhases = (
				2DA3058F4864185274ED94AF /* [CP] Check Pods Manifest.lock */,
				1572D70A23313E7400CFBA6F /* Sources */,
				1572D70B23313E7400CFBA6F /* Frameworks */,
				1572D70C23313E7400CFBA6F /* Resources */,
				5C11FD8A241C57B59BB366A8 /* [CP] Embed Pods Frameworks */,
			);
			buildRules = (
			);
			dependencies = (
			);
			name = "CriticalTechWorks 2019 PT";
			productName = "CriticalTechWorks 2019";
			productReference = 1572D70E23313E7400CFBA6F /* CriticalTechWorks 2019 PT.app */;
			productType = "com.apple.product-type.application";
		};
		15FDC26623322E3A00AC7092 /* CriticalTechWorks 2019SlowTests */ = {
			isa = PBXNativeTarget;
			buildConfigurationList = 15FDC27023322E3A00AC7092 /* Build configuration list for PBXNativeTarget "CriticalTechWorks 2019SlowTests" */;
			buildPhases = (
				3A35A297748A759B6A974835 /* [CP] Check Pods Manifest.lock */,
				15FDC26323322E3A00AC7092 /* Sources */,
				15FDC26423322E3A00AC7092 /* Frameworks */,
				15FDC26523322E3A00AC7092 /* Resources */,
			);
			buildRules = (
			);
			dependencies = (
				15FDC26D23322E3A00AC7092 /* PBXTargetDependency */,
			);
			name = "CriticalTechWorks 2019SlowTests";
			productName = "CriticalTechWorks 2019SlowTests";
			productReference = 15FDC26723322E3A00AC7092 /* CriticalTechWorks 2019SlowTests.xctest */;
			productType = "com.apple.product-type.bundle.unit-test";
		};
		15FDC2742332314C00AC7092 /* CriticalTechWorks 2019FakeTests */ = {
			isa = PBXNativeTarget;
			buildConfigurationList = 15FDC27C2332314C00AC7092 /* Build configuration list for PBXNativeTarget "CriticalTechWorks 2019FakeTests" */;
			buildPhases = (
				FC04D941294734227DB54F6E /* [CP] Check Pods Manifest.lock */,
				15FDC2712332314C00AC7092 /* Sources */,
				15FDC2722332314C00AC7092 /* Frameworks */,
				15FDC2732332314C00AC7092 /* Resources */,
			);
			buildRules = (
			);
			dependencies = (
				15FDC27B2332314C00AC7092 /* PBXTargetDependency */,
			);
			name = "CriticalTechWorks 2019FakeTests";
			productName = "CriticalTechWorks 2019FakeTests";
			productReference = 15FDC2752332314C00AC7092 /* CriticalTechWorks 2019FakeTests.xctest */;
			productType = "com.apple.product-type.bundle.unit-test";
		};
		15FE259E2337A83000C37E6F /* CriticalTechWorks 2019 PT Tests */ = {
			isa = PBXNativeTarget;
			buildConfigurationList = 15FE25A62337A83000C37E6F /* Build configuration list for PBXNativeTarget "CriticalTechWorks 2019 PT Tests" */;
			buildPhases = (
				15FE259B2337A83000C37E6F /* Sources */,
				15FE259C2337A83000C37E6F /* Frameworks */,
				15FE259D2337A83000C37E6F /* Resources */,
			);
			buildRules = (
			);
			dependencies = (
				15FE25A52337A83000C37E6F /* PBXTargetDependency */,
			);
			name = "CriticalTechWorks 2019 PT Tests";
			productName = "CriticalTechWorks 2019 PT Tests";
			productReference = 15FE259F2337A83000C37E6F /* CriticalTechWorks 2019 PT Tests.xctest */;
			productType = "com.apple.product-type.bundle.unit-test";
		};
/* End PBXNativeTarget section */

/* Begin PBXProject section */
		1572D70623313E7400CFBA6F /* Project object */ = {
			isa = PBXProject;
			attributes = {
				LastSwiftUpdateCheck = 1010;
				LastUpgradeCheck = 1010;
				ORGANIZATIONNAME = Bruno;
				TargetAttributes = {
					1572D70D23313E7400CFBA6F = {
						CreatedOnToolsVersion = 10.1;
					};
					15FDC26623322E3A00AC7092 = {
						CreatedOnToolsVersion = 10.1;
						TestTargetID = 1572D70D23313E7400CFBA6F;
					};
					15FDC2742332314C00AC7092 = {
						CreatedOnToolsVersion = 10.1;
						TestTargetID = 1572D70D23313E7400CFBA6F;
					};
					15FE259E2337A83000C37E6F = {
						CreatedOnToolsVersion = 10.1;
						TestTargetID = 1572D70D23313E7400CFBA6F;
					};
				};
			};
			buildConfigurationList = 1572D70923313E7400CFBA6F /* Build configuration list for PBXProject "CriticalTechWorks 2019" */;
			compatibilityVersion = "Xcode 9.3";
			developmentRegion = en;
			hasScannedForEncodings = 0;
			knownRegions = (
				en,
				Base,
			);
			mainGroup = 1572D70523313E7400CFBA6F;
			productRefGroup = 1572D70F23313E7400CFBA6F /* Products */;
			projectDirPath = "";
			projectRoot = "";
			targets = (
				1572D70D23313E7400CFBA6F /* CriticalTechWorks 2019 PT */,
				1571B0B823350A0F004AA911 /* CriticalTechWorks 2019 US */,
				15FDC26623322E3A00AC7092 /* CriticalTechWorks 2019SlowTests */,
				15FDC2742332314C00AC7092 /* CriticalTechWorks 2019FakeTests */,
				15FE259E2337A83000C37E6F /* CriticalTechWorks 2019 PT Tests */,
			);
		};
/* End PBXProject section */

/* Begin PBXResourcesBuildPhase section */
		1571B0D723350A0F004AA911 /* Resources */ = {
			isa = PBXResourcesBuildPhase;
			buildActionMask = 2147483647;
			files = (
				1571B0F42335221E004AA911 /* AuthenticationViewController.xib in Resources */,
				1571B0D823350A0F004AA911 /* HeadlineViewController.xib in Resources */,
				1571B0D923350A0F004AA911 /* LaunchScreen.storyboard in Resources */,
				1571B0FE23352450004AA911 /* Localizable.strings in Resources */,
				1571B0EC23351DF6004AA911 /* Info_US.plist in Resources */,
				1571B0DA23350A0F004AA911 /* HeadlineTableViewCell.xib in Resources */,
				1571B0DB23350A0F004AA911 /* Assets.xcassets in Resources */,
			);
			runOnlyForDeploymentPostprocessing = 0;
		};
		1572D70C23313E7400CFBA6F /* Resources */ = {
			isa = PBXResourcesBuildPhase;
			buildActionMask = 2147483647;
			files = (
				1571B0F32335221E004AA911 /* AuthenticationViewController.xib in Resources */,
				1571B0EB23351DF3004AA911 /* Info_PT.plist in Resources */,
				15263C1123338BAC009F1E09 /* HeadlineViewController.xib in Resources */,
				1571B0FD23352450004AA911 /* Localizable.strings in Resources */,
				1572D71C23313E7600CFBA6F /* LaunchScreen.storyboard in Resources */,
				1572D752233148CA00CFBA6F /* HeadlineTableViewCell.xib in Resources */,
				1572D71923313E7600CFBA6F /* Assets.xcassets in Resources */,
			);
			runOnlyForDeploymentPostprocessing = 0;
		};
		15FDC26523322E3A00AC7092 /* Resources */ = {
			isa = PBXResourcesBuildPhase;
			buildActionMask = 2147483647;
			files = (
			);
			runOnlyForDeploymentPostprocessing = 0;
		};
		15FDC2732332314C00AC7092 /* Resources */ = {
			isa = PBXResourcesBuildPhase;
			buildActionMask = 2147483647;
			files = (
			);
			runOnlyForDeploymentPostprocessing = 0;
		};
		15FE259D2337A83000C37E6F /* Resources */ = {
			isa = PBXResourcesBuildPhase;
			buildActionMask = 2147483647;
			files = (
			);
			runOnlyForDeploymentPostprocessing = 0;
		};
/* End PBXResourcesBuildPhase section */

/* Begin PBXShellScriptBuildPhase section */
		1571B0B923350A0F004AA911 /* [CP] Check Pods Manifest.lock */ = {
			isa = PBXShellScriptBuildPhase;
			buildActionMask = 2147483647;
			files = (
			);
			inputFileListPaths = (
			);
			inputPaths = (
				"${PODS_PODFILE_DIR_PATH}/Podfile.lock",
				"${PODS_ROOT}/Manifest.lock",
			);
			name = "[CP] Check Pods Manifest.lock";
			outputFileListPaths = (
			);
			outputPaths = (
				"$(DERIVED_FILE_DIR)/Pods-CriticalTechWorks 2019-checkManifestLockResult.txt",
			);
			runOnlyForDeploymentPostprocessing = 0;
			shellPath = /bin/sh;
			shellScript = "diff \"${PODS_PODFILE_DIR_PATH}/Podfile.lock\" \"${PODS_ROOT}/Manifest.lock\" > /dev/null\nif [ $? != 0 ] ; then\n    # print error to STDERR\n    echo \"error: The sandbox is not in sync with the Podfile.lock. Run 'pod install' or update your CocoaPods installation.\" >&2\n    exit 1\nfi\n# This output is used by Xcode 'outputs' to avoid re-running this script phase.\necho \"SUCCESS\" > \"${SCRIPT_OUTPUT_FILE_0}\"\n";
			showEnvVarsInLog = 0;
		};
		1571B0DC23350A0F004AA911 /* [CP] Embed Pods Frameworks */ = {
			isa = PBXShellScriptBuildPhase;
			buildActionMask = 2147483647;
			files = (
			);
			inputFileListPaths = (
				"${PODS_ROOT}/Target Support Files/Pods-CriticalTechWorks 2019/Pods-CriticalTechWorks 2019-frameworks-${CONFIGURATION}-input-files.xcfilelist",
			);
			name = "[CP] Embed Pods Frameworks";
			outputFileListPaths = (
				"${PODS_ROOT}/Target Support Files/Pods-CriticalTechWorks 2019/Pods-CriticalTechWorks 2019-frameworks-${CONFIGURATION}-output-files.xcfilelist",
			);
			runOnlyForDeploymentPostprocessing = 0;
			shellPath = /bin/sh;
			shellScript = "\"${PODS_ROOT}/Target Support Files/Pods-CriticalTechWorks 2019/Pods-CriticalTechWorks 2019-frameworks.sh\"\n";
			showEnvVarsInLog = 0;
		};
		2DA3058F4864185274ED94AF /* [CP] Check Pods Manifest.lock */ = {
			isa = PBXShellScriptBuildPhase;
			buildActionMask = 2147483647;
			files = (
			);
			inputFileListPaths = (
			);
			inputPaths = (
				"${PODS_PODFILE_DIR_PATH}/Podfile.lock",
				"${PODS_ROOT}/Manifest.lock",
			);
			name = "[CP] Check Pods Manifest.lock";
			outputFileListPaths = (
			);
			outputPaths = (
				"$(DERIVED_FILE_DIR)/Pods-CriticalTechWorks 2019-checkManifestLockResult.txt",
			);
			runOnlyForDeploymentPostprocessing = 0;
			shellPath = /bin/sh;
			shellScript = "diff \"${PODS_PODFILE_DIR_PATH}/Podfile.lock\" \"${PODS_ROOT}/Manifest.lock\" > /dev/null\nif [ $? != 0 ] ; then\n    # print error to STDERR\n    echo \"error: The sandbox is not in sync with the Podfile.lock. Run 'pod install' or update your CocoaPods installation.\" >&2\n    exit 1\nfi\n# This output is used by Xcode 'outputs' to avoid re-running this script phase.\necho \"SUCCESS\" > \"${SCRIPT_OUTPUT_FILE_0}\"\n";
			showEnvVarsInLog = 0;
		};
		3A35A297748A759B6A974835 /* [CP] Check Pods Manifest.lock */ = {
			isa = PBXShellScriptBuildPhase;
			buildActionMask = 2147483647;
			files = (
			);
			inputFileListPaths = (
			);
			inputPaths = (
				"${PODS_PODFILE_DIR_PATH}/Podfile.lock",
				"${PODS_ROOT}/Manifest.lock",
			);
			name = "[CP] Check Pods Manifest.lock";
			outputFileListPaths = (
			);
			outputPaths = (
				"$(DERIVED_FILE_DIR)/Pods-CriticalTechWorks 2019SlowTests-checkManifestLockResult.txt",
			);
			runOnlyForDeploymentPostprocessing = 0;
			shellPath = /bin/sh;
			shellScript = "diff \"${PODS_PODFILE_DIR_PATH}/Podfile.lock\" \"${PODS_ROOT}/Manifest.lock\" > /dev/null\nif [ $? != 0 ] ; then\n    # print error to STDERR\n    echo \"error: The sandbox is not in sync with the Podfile.lock. Run 'pod install' or update your CocoaPods installation.\" >&2\n    exit 1\nfi\n# This output is used by Xcode 'outputs' to avoid re-running this script phase.\necho \"SUCCESS\" > \"${SCRIPT_OUTPUT_FILE_0}\"\n";
			showEnvVarsInLog = 0;
		};
		5C11FD8A241C57B59BB366A8 /* [CP] Embed Pods Frameworks */ = {
			isa = PBXShellScriptBuildPhase;
			buildActionMask = 2147483647;
			files = (
			);
			inputFileListPaths = (
				"${PODS_ROOT}/Target Support Files/Pods-CriticalTechWorks 2019/Pods-CriticalTechWorks 2019-frameworks-${CONFIGURATION}-input-files.xcfilelist",
			);
			name = "[CP] Embed Pods Frameworks";
			outputFileListPaths = (
				"${PODS_ROOT}/Target Support Files/Pods-CriticalTechWorks 2019/Pods-CriticalTechWorks 2019-frameworks-${CONFIGURATION}-output-files.xcfilelist",
			);
			runOnlyForDeploymentPostprocessing = 0;
			shellPath = /bin/sh;
			shellScript = "\"${PODS_ROOT}/Target Support Files/Pods-CriticalTechWorks 2019/Pods-CriticalTechWorks 2019-frameworks.sh\"\n";
			showEnvVarsInLog = 0;
		};
		FC04D941294734227DB54F6E /* [CP] Check Pods Manifest.lock */ = {
			isa = PBXShellScriptBuildPhase;
			buildActionMask = 2147483647;
			files = (
			);
			inputFileListPaths = (
			);
			inputPaths = (
				"${PODS_PODFILE_DIR_PATH}/Podfile.lock",
				"${PODS_ROOT}/Manifest.lock",
			);
			name = "[CP] Check Pods Manifest.lock";
			outputFileListPaths = (
			);
			outputPaths = (
				"$(DERIVED_FILE_DIR)/Pods-CriticalTechWorks 2019FakeTests-checkManifestLockResult.txt",
			);
			runOnlyForDeploymentPostprocessing = 0;
			shellPath = /bin/sh;
			shellScript = "diff \"${PODS_PODFILE_DIR_PATH}/Podfile.lock\" \"${PODS_ROOT}/Manifest.lock\" > /dev/null\nif [ $? != 0 ] ; then\n    # print error to STDERR\n    echo \"error: The sandbox is not in sync with the Podfile.lock. Run 'pod install' or update your CocoaPods installation.\" >&2\n    exit 1\nfi\n# This output is used by Xcode 'outputs' to avoid re-running this script phase.\necho \"SUCCESS\" > \"${SCRIPT_OUTPUT_FILE_0}\"\n";
			showEnvVarsInLog = 0;
		};
/* End PBXShellScriptBuildPhase section */

/* Begin PBXSourcesBuildPhase section */
		1571B0BA23350A0F004AA911 /* Sources */ = {
			isa = PBXSourcesBuildPhase;
			buildActionMask = 2147483647;
			files = (
				1571B0BB23350A0F004AA911 /* NewsService.swift in Sources */,
				1571B0BC23350A0F004AA911 /* HeadlineTableViewCell.swift in Sources */,
				1571B0BD23350A0F004AA911 /* URLSessionProtocol.swift in Sources */,
				1571B0BE23350A0F004AA911 /* TopHeadlinesViewController.swift in Sources */,
				1571B0F22335221E004AA911 /* AuthenticationViewController.swift in Sources */,
				1571B0BF23350A0F004AA911 /* Persistable.swift in Sources */,
				1571B0C023350A0F004AA911 /* Source.swift in Sources */,
				1571B0C123350A0F004AA911 /* URLRequestExtension.swift in Sources */,
				1571B0C223350A0F004AA911 /* News.swift in Sources */,
				1571B0C323350A0F004AA911 /* FavoritesHeadlinesViewController.swift in Sources */,
				1571B0C423350A0F004AA911 /* NetworkError.swift in Sources */,
				1571B0C523350A0F004AA911 /* URLComponentsExtension.swift in Sources */,
				1571B0C623350A0F004AA911 /* QueryType.swift in Sources */,
				1571B0C723350A0F004AA911 /* BaseHeadlinesViewController.swift in Sources */,
				1571B0C823350A0F004AA911 /* ProviderProtocol.swift in Sources */,
				1571B0C923350A0F004AA911 /* NetworkResponse.swift in Sources */,
				1571B0CA23350A0F004AA911 /* ParametersEncoding.swift in Sources */,
				1571B0CB23350A0F004AA911 /* HeadlineViewController.swift in Sources */,
				1571B0F723352340004AA911 /* String+Localized.swift in Sources */,
				1571B0CC23350A0F004AA911 /* HTTPMethod.swift in Sources */,
				1571B0CD23350A0F004AA911 /* URLSessionProvider.swift in Sources */,
				1571B0CE23350A0F004AA911 /* Article.swift in Sources */,
				1571B0CF23350A0F004AA911 /* Task.swift in Sources */,
				1571B0D023350A0F004AA911 /* PersistanceManager.swift in Sources */,
				1571B0E82335131E004AA911 /* Environment.swift in Sources */,
				1571B0D223350A0F004AA911 /* AppDelegate.swift in Sources */,
				1571B0D323350A0F004AA911 /* CustomImageView.swift in Sources */,
				1571B0D423350A0F004AA911 /* ServiceProtocol.swift in Sources */,
			);
			runOnlyForDeploymentPostprocessing = 0;
		};
		1572D70A23313E7400CFBA6F /* Sources */ = {
			isa = PBXSourcesBuildPhase;
			buildActionMask = 2147483647;
			files = (
				1572D74223313EA400CFBA6F /* NewsService.swift in Sources */,
				1572D751233148CA00CFBA6F /* HeadlineTableViewCell.swift in Sources */,
				1572D74023313EA400CFBA6F /* URLSessionProtocol.swift in Sources */,
				1572D71423313E7400CFBA6F /* TopHeadlinesViewController.swift in Sources */,
				1571B0F12335221E004AA911 /* AuthenticationViewController.swift in Sources */,
				15263C1B23339E2F009F1E09 /* Persistable.swift in Sources */,
				15263C1823339D02009F1E09 /* Source.swift in Sources */,
				1572D73E23313EA400CFBA6F /* URLRequestExtension.swift in Sources */,
				1572D74C23313EDD00CFBA6F /* News.swift in Sources */,
				155AA98F2334E57B0036F37F /* FavoritesHeadlinesViewController.swift in Sources */,
				1572D73B23313EA400CFBA6F /* NetworkError.swift in Sources */,
				1572D73D23313EA400CFBA6F /* URLComponentsExtension.swift in Sources */,
				15263C202333CB02009F1E09 /* QueryType.swift in Sources */,
				155AA9912334EC2A0036F37F /* BaseHeadlinesViewController.swift in Sources */,
				1572D74123313EA400CFBA6F /* ProviderProtocol.swift in Sources */,
				1572D73823313EA400CFBA6F /* NetworkResponse.swift in Sources */,
				1572D73723313EA400CFBA6F /* ParametersEncoding.swift in Sources */,
				15263C1023338BAC009F1E09 /* HeadlineViewController.swift in Sources */,
				1571B0F623352340004AA911 /* String+Localized.swift in Sources */,
				1572D73923313EA400CFBA6F /* HTTPMethod.swift in Sources */,
				1572D73C23313EA400CFBA6F /* URLSessionProvider.swift in Sources */,
				15263C1623339CE8009F1E09 /* Article.swift in Sources */,
				1572D73A23313EA400CFBA6F /* Task.swift in Sources */,
				15263C13233396B7009F1E09 /* PersistanceManager.swift in Sources */,
				1571B0E72335131E004AA911 /* Environment.swift in Sources */,
				1572D71223313E7400CFBA6F /* AppDelegate.swift in Sources */,
				151025082331569400603F55 /* CustomImageView.swift in Sources */,
				1572D73F23313EA400CFBA6F /* ServiceProtocol.swift in Sources */,
			);
			runOnlyForDeploymentPostprocessing = 0;
		};
		15FDC26323322E3A00AC7092 /* Sources */ = {
			isa = PBXSourcesBuildPhase;
			buildActionMask = 2147483647;
			files = (
			);
			runOnlyForDeploymentPostprocessing = 0;
		};
		15FDC2712332314C00AC7092 /* Sources */ = {
			isa = PBXSourcesBuildPhase;
			buildActionMask = 2147483647;
			files = (
			);
			runOnlyForDeploymentPostprocessing = 0;
		};
		15FE259B2337A83000C37E6F /* Sources */ = {
			isa = PBXSourcesBuildPhase;
			buildActionMask = 2147483647;
			files = (
				15FE25A22337A83000C37E6F /* TopHeadlinesPTTests.swift in Sources */,
			);
			runOnlyForDeploymentPostprocessing = 0;
		};
/* End PBXSourcesBuildPhase section */

/* Begin PBXTargetDependency section */
		15FDC26D23322E3A00AC7092 /* PBXTargetDependency */ = {
			isa = PBXTargetDependency;
			target = 1572D70D23313E7400CFBA6F /* CriticalTechWorks 2019 PT */;
			targetProxy = 15FDC26C23322E3A00AC7092 /* PBXContainerItemProxy */;
		};
		15FDC27B2332314C00AC7092 /* PBXTargetDependency */ = {
			isa = PBXTargetDependency;
			target = 1572D70D23313E7400CFBA6F /* CriticalTechWorks 2019 PT */;
			targetProxy = 15FDC27A2332314C00AC7092 /* PBXContainerItemProxy */;
		};
		15FE25A52337A83000C37E6F /* PBXTargetDependency */ = {
			isa = PBXTargetDependency;
			target = 1572D70D23313E7400CFBA6F /* CriticalTechWorks 2019 PT */;
			targetProxy = 15FE25A42337A83000C37E6F /* PBXContainerItemProxy */;
		};
/* End PBXTargetDependency section */

/* Begin PBXVariantGroup section */
		1571B10023352450004AA911 /* Localizable.strings */ = {
			isa = PBXVariantGroup;
			children = (
				1571B0FF23352450004AA911 /* en */,
			);
			name = Localizable.strings;
			sourceTree = "<group>";
		};
		1572D71A23313E7600CFBA6F /* LaunchScreen.storyboard */ = {
			isa = PBXVariantGroup;
			children = (
				1572D71B23313E7600CFBA6F /* Base */,
				1571B0F923352411004AA911 /* pt-PT */,
			);
			name = LaunchScreen.storyboard;
			sourceTree = "<group>";
		};
/* End PBXVariantGroup section */

/* Begin XCBuildConfiguration section */
		1571B0DE23350A0F004AA911 /* Debug */ = {
			isa = XCBuildConfiguration;
			baseConfigurationReference = 80B41A2427D25C2F20E1E1D7 /* Pods-CriticalTechWorks 2019.debug.xcconfig */;
			buildSettings = {
				ASSETCATALOG_COMPILER_APPICON_NAME = AppIcon;
				CODE_SIGN_STYLE = Automatic;
				DEVELOPMENT_TEAM = CEWUHN7W92;
				INFOPLIST_FILE = "CriticalTechWorks 2019/Resources/Info_US.plist";
				LD_RUNPATH_SEARCH_PATHS = (
					"$(inherited)",
					"@executable_path/Frameworks",
				);
				PRODUCT_BUNDLE_IDENTIFIER = "com.brunosilva.CriticalTechWorks-2019-US";
				PRODUCT_NAME = "$(TARGET_NAME)";
				SOURCES = US;
				SWIFT_VERSION = 4.2;
				TARGETED_DEVICE_FAMILY = 1;
			};
			name = Debug;
		};
		1571B0DF23350A0F004AA911 /* Release */ = {
			isa = XCBuildConfiguration;
			baseConfigurationReference = D4FEE7CF716534446028AF14 /* Pods-CriticalTechWorks 2019.release.xcconfig */;
			buildSettings = {
				ASSETCATALOG_COMPILER_APPICON_NAME = AppIcon;
				CODE_SIGN_STYLE = Automatic;
				DEVELOPMENT_TEAM = CEWUHN7W92;
				INFOPLIST_FILE = "CriticalTechWorks 2019/Resources/Info_US.plist";
				LD_RUNPATH_SEARCH_PATHS = (
					"$(inherited)",
					"@executable_path/Frameworks",
				);
				PRODUCT_BUNDLE_IDENTIFIER = "com.brunosilva.CriticalTechWorks-2019-US";
				PRODUCT_NAME = "$(TARGET_NAME)";
				SOURCES = US;
				SWIFT_VERSION = 4.2;
				TARGETED_DEVICE_FAMILY = 1;
			};
			name = Release;
		};
		1572D71E23313E7600CFBA6F /* Debug */ = {
			isa = XCBuildConfiguration;
			buildSettings = {
				ALWAYS_SEARCH_USER_PATHS = NO;
				CLANG_ANALYZER_LOCALIZABILITY_NONLOCALIZED = YES;
				CLANG_ANALYZER_NONNULL = YES;
				CLANG_ANALYZER_NUMBER_OBJECT_CONVERSION = YES_AGGRESSIVE;
				CLANG_CXX_LANGUAGE_STANDARD = "gnu++14";
				CLANG_CXX_LIBRARY = "libc++";
				CLANG_ENABLE_MODULES = YES;
				CLANG_ENABLE_OBJC_ARC = YES;
				CLANG_ENABLE_OBJC_WEAK = YES;
				CLANG_WARN_BLOCK_CAPTURE_AUTORELEASING = YES;
				CLANG_WARN_BOOL_CONVERSION = YES;
				CLANG_WARN_COMMA = YES;
				CLANG_WARN_CONSTANT_CONVERSION = YES;
				CLANG_WARN_DEPRECATED_OBJC_IMPLEMENTATIONS = YES;
				CLANG_WARN_DIRECT_OBJC_ISA_USAGE = YES_ERROR;
				CLANG_WARN_DOCUMENTATION_COMMENTS = YES;
				CLANG_WARN_EMPTY_BODY = YES;
				CLANG_WARN_ENUM_CONVERSION = YES;
				CLANG_WARN_INFINITE_RECURSION = YES;
				CLANG_WARN_INT_CONVERSION = YES;
				CLANG_WARN_NON_LITERAL_NULL_CONVERSION = YES;
				CLANG_WARN_OBJC_IMPLICIT_RETAIN_SELF = YES;
				CLANG_WARN_OBJC_LITERAL_CONVERSION = YES;
				CLANG_WARN_OBJC_ROOT_CLASS = YES_ERROR;
				CLANG_WARN_RANGE_LOOP_ANALYSIS = YES;
				CLANG_WARN_STRICT_PROTOTYPES = YES;
				CLANG_WARN_SUSPICIOUS_MOVE = YES;
				CLANG_WARN_UNGUARDED_AVAILABILITY = YES_AGGRESSIVE;
				CLANG_WARN_UNREACHABLE_CODE = YES;
				CLANG_WARN__DUPLICATE_METHOD_MATCH = YES;
				CODE_SIGN_IDENTITY = "iPhone Developer";
				COPY_PHASE_STRIP = NO;
				DEBUG_INFORMATION_FORMAT = dwarf;
				ENABLE_STRICT_OBJC_MSGSEND = YES;
				ENABLE_TESTABILITY = YES;
				GCC_C_LANGUAGE_STANDARD = gnu11;
				GCC_DYNAMIC_NO_PIC = NO;
				GCC_NO_COMMON_BLOCKS = YES;
				GCC_OPTIMIZATION_LEVEL = 0;
				GCC_PREPROCESSOR_DEFINITIONS = (
					"DEBUG=1",
					"$(inherited)",
				);
				GCC_WARN_64_TO_32_BIT_CONVERSION = YES;
				GCC_WARN_ABOUT_RETURN_TYPE = YES_ERROR;
				GCC_WARN_UNDECLARED_SELECTOR = YES;
				GCC_WARN_UNINITIALIZED_AUTOS = YES_AGGRESSIVE;
				GCC_WARN_UNUSED_FUNCTION = YES;
				GCC_WARN_UNUSED_VARIABLE = YES;
				IPHONEOS_DEPLOYMENT_TARGET = 12.1;
				MTL_ENABLE_DEBUG_INFO = INCLUDE_SOURCE;
				MTL_FAST_MATH = YES;
				ONLY_ACTIVE_ARCH = YES;
				SDKROOT = iphoneos;
				SWIFT_ACTIVE_COMPILATION_CONDITIONS = DEBUG;
				SWIFT_OPTIMIZATION_LEVEL = "-Onone";
			};
			name = Debug;
		};
		1572D71F23313E7600CFBA6F /* Release */ = {
			isa = XCBuildConfiguration;
			buildSettings = {
				ALWAYS_SEARCH_USER_PATHS = NO;
				CLANG_ANALYZER_LOCALIZABILITY_NONLOCALIZED = YES;
				CLANG_ANALYZER_NONNULL = YES;
				CLANG_ANALYZER_NUMBER_OBJECT_CONVERSION = YES_AGGRESSIVE;
				CLANG_CXX_LANGUAGE_STANDARD = "gnu++14";
				CLANG_CXX_LIBRARY = "libc++";
				CLANG_ENABLE_MODULES = YES;
				CLANG_ENABLE_OBJC_ARC = YES;
				CLANG_ENABLE_OBJC_WEAK = YES;
				CLANG_WARN_BLOCK_CAPTURE_AUTORELEASING = YES;
				CLANG_WARN_BOOL_CONVERSION = YES;
				CLANG_WARN_COMMA = YES;
				CLANG_WARN_CONSTANT_CONVERSION = YES;
				CLANG_WARN_DEPRECATED_OBJC_IMPLEMENTATIONS = YES;
				CLANG_WARN_DIRECT_OBJC_ISA_USAGE = YES_ERROR;
				CLANG_WARN_DOCUMENTATION_COMMENTS = YES;
				CLANG_WARN_EMPTY_BODY = YES;
				CLANG_WARN_ENUM_CONVERSION = YES;
				CLANG_WARN_INFINITE_RECURSION = YES;
				CLANG_WARN_INT_CONVERSION = YES;
				CLANG_WARN_NON_LITERAL_NULL_CONVERSION = YES;
				CLANG_WARN_OBJC_IMPLICIT_RETAIN_SELF = YES;
				CLANG_WARN_OBJC_LITERAL_CONVERSION = YES;
				CLANG_WARN_OBJC_ROOT_CLASS = YES_ERROR;
				CLANG_WARN_RANGE_LOOP_ANALYSIS = YES;
				CLANG_WARN_STRICT_PROTOTYPES = YES;
				CLANG_WARN_SUSPICIOUS_MOVE = YES;
				CLANG_WARN_UNGUARDED_AVAILABILITY = YES_AGGRESSIVE;
				CLANG_WARN_UNREACHABLE_CODE = YES;
				CLANG_WARN__DUPLICATE_METHOD_MATCH = YES;
				CODE_SIGN_IDENTITY = "iPhone Developer";
				COPY_PHASE_STRIP = NO;
				DEBUG_INFORMATION_FORMAT = "dwarf-with-dsym";
				ENABLE_NS_ASSERTIONS = NO;
				ENABLE_STRICT_OBJC_MSGSEND = YES;
				GCC_C_LANGUAGE_STANDARD = gnu11;
				GCC_NO_COMMON_BLOCKS = YES;
				GCC_WARN_64_TO_32_BIT_CONVERSION = YES;
				GCC_WARN_ABOUT_RETURN_TYPE = YES_ERROR;
				GCC_WARN_UNDECLARED_SELECTOR = YES;
				GCC_WARN_UNINITIALIZED_AUTOS = YES_AGGRESSIVE;
				GCC_WARN_UNUSED_FUNCTION = YES;
				GCC_WARN_UNUSED_VARIABLE = YES;
				IPHONEOS_DEPLOYMENT_TARGET = 12.1;
				MTL_ENABLE_DEBUG_INFO = NO;
				MTL_FAST_MATH = YES;
				SDKROOT = iphoneos;
				SWIFT_COMPILATION_MODE = wholemodule;
				SWIFT_OPTIMIZATION_LEVEL = "-O";
				VALIDATE_PRODUCT = YES;
			};
			name = Release;
		};
		1572D72123313E7600CFBA6F /* Debug */ = {
			isa = XCBuildConfiguration;
			baseConfigurationReference = 80B41A2427D25C2F20E1E1D7 /* Pods-CriticalTechWorks 2019.debug.xcconfig */;
			buildSettings = {
				ASSETCATALOG_COMPILER_APPICON_NAME = AppIcon;
				CODE_SIGN_STYLE = Automatic;
				DEVELOPMENT_TEAM = CEWUHN7W92;
				INFOPLIST_FILE = "CriticalTechWorks 2019/Resources/Info_PT.plist";
				LD_RUNPATH_SEARCH_PATHS = (
					"$(inherited)",
					"@executable_path/Frameworks",
				);
				PRODUCT_BUNDLE_IDENTIFIER = "com.brunosilva.CriticalTechWorks-2019-PT";
				PRODUCT_NAME = "$(TARGET_NAME)";
				SOURCES = PT;
				SWIFT_VERSION = 4.2;
				TARGETED_DEVICE_FAMILY = 1;
			};
			name = Debug;
		};
		1572D72223313E7600CFBA6F /* Release */ = {
			isa = XCBuildConfiguration;
			baseConfigurationReference = D4FEE7CF716534446028AF14 /* Pods-CriticalTechWorks 2019.release.xcconfig */;
			buildSettings = {
				ASSETCATALOG_COMPILER_APPICON_NAME = AppIcon;
				CODE_SIGN_STYLE = Automatic;
				DEVELOPMENT_TEAM = CEWUHN7W92;
				INFOPLIST_FILE = "CriticalTechWorks 2019/Resources/Info_PT.plist";
				LD_RUNPATH_SEARCH_PATHS = (
					"$(inherited)",
					"@executable_path/Frameworks",
				);
				PRODUCT_BUNDLE_IDENTIFIER = "com.brunosilva.CriticalTechWorks-2019-PT";
				PRODUCT_NAME = "$(TARGET_NAME)";
				SOURCES = PT;
				SWIFT_VERSION = 4.2;
				TARGETED_DEVICE_FAMILY = 1;
			};
			name = Release;
		};
		15FDC26E23322E3A00AC7092 /* Debug */ = {
			isa = XCBuildConfiguration;
			baseConfigurationReference = A998920EDFE2B4DB299D9ACA /* Pods-CriticalTechWorks 2019SlowTests.debug.xcconfig */;
			buildSettings = {
				BUNDLE_LOADER = "$(TEST_HOST)";
				CODE_SIGN_STYLE = Automatic;
				INFOPLIST_FILE = "CriticalTechWorks 2019SlowTests/Info.plist";
				LD_RUNPATH_SEARCH_PATHS = (
					"$(inherited)",
					"@executable_path/Frameworks",
					"@loader_path/Frameworks",
				);
				PRODUCT_BUNDLE_IDENTIFIER = "com.brunosilva.CriticalTechWorks-2019SlowTests";
				PRODUCT_NAME = "$(TARGET_NAME)";
				SWIFT_VERSION = 4.2;
				TARGETED_DEVICE_FAMILY = "1,2";
				TEST_HOST = "$(BUILT_PRODUCTS_DIR)/CriticalTechWorks 2019.app/CriticalTechWorks 2019";
			};
			name = Debug;
		};
		15FDC26F23322E3A00AC7092 /* Release */ = {
			isa = XCBuildConfiguration;
			baseConfigurationReference = 0E17DCE5DD6F9BC82B36EC45 /* Pods-CriticalTechWorks 2019SlowTests.release.xcconfig */;
			buildSettings = {
				BUNDLE_LOADER = "$(TEST_HOST)";
				CODE_SIGN_STYLE = Automatic;
				INFOPLIST_FILE = "CriticalTechWorks 2019SlowTests/Info.plist";
				LD_RUNPATH_SEARCH_PATHS = (
					"$(inherited)",
					"@executable_path/Frameworks",
					"@loader_path/Frameworks",
				);
				PRODUCT_BUNDLE_IDENTIFIER = "com.brunosilva.CriticalTechWorks-2019SlowTests";
				PRODUCT_NAME = "$(TARGET_NAME)";
				SWIFT_VERSION = 4.2;
				TARGETED_DEVICE_FAMILY = "1,2";
				TEST_HOST = "$(BUILT_PRODUCTS_DIR)/CriticalTechWorks 2019.app/CriticalTechWorks 2019";
			};
			name = Release;
		};
		15FDC27D2332314C00AC7092 /* Debug */ = {
			isa = XCBuildConfiguration;
			baseConfigurationReference = 8D4787A5AB523F11A49B2235 /* Pods-CriticalTechWorks 2019FakeTests.debug.xcconfig */;
			buildSettings = {
				API_BASE_URL = "";
				BUNDLE_LOADER = "$(TEST_HOST)";
				CODE_SIGN_STYLE = Automatic;
				INFOPLIST_FILE = "CriticalTechWorks 2019FakeTests/Info.plist";
				LD_RUNPATH_SEARCH_PATHS = (
					"$(inherited)",
					"@executable_path/Frameworks",
					"@loader_path/Frameworks",
				);
				PRODUCT_BUNDLE_IDENTIFIER = "com.brunosilva.CriticalTechWorks-2019FakeTests";
				PRODUCT_NAME = "$(TARGET_NAME)";
				SWIFT_VERSION = 4.2;
				TARGETED_DEVICE_FAMILY = "1,2";
				TEST_HOST = "$(BUILT_PRODUCTS_DIR)/CriticalTechWorks 2019.app/CriticalTechWorks 2019";
			};
			name = Debug;
		};
		15FDC27E2332314C00AC7092 /* Release */ = {
			isa = XCBuildConfiguration;
			baseConfigurationReference = 38F0218FF33B1D197A7CED72 /* Pods-CriticalTechWorks 2019FakeTests.release.xcconfig */;
			buildSettings = {
				API_BASE_URL = "";
				BUNDLE_LOADER = "$(TEST_HOST)";
				CODE_SIGN_STYLE = Automatic;
				INFOPLIST_FILE = "CriticalTechWorks 2019FakeTests/Info.plist";
				LD_RUNPATH_SEARCH_PATHS = (
					"$(inherited)",
					"@executable_path/Frameworks",
					"@loader_path/Frameworks",
				);
				PRODUCT_BUNDLE_IDENTIFIER = "com.brunosilva.CriticalTechWorks-2019FakeTests";
				PRODUCT_NAME = "$(TARGET_NAME)";
				SWIFT_VERSION = 4.2;
				TARGETED_DEVICE_FAMILY = "1,2";
				TEST_HOST = "$(BUILT_PRODUCTS_DIR)/CriticalTechWorks 2019.app/CriticalTechWorks 2019";
			};
			name = Release;
		};
		15FE25A72337A83000C37E6F /* Debug */ = {
			isa = XCBuildConfiguration;
			buildSettings = {
				BUNDLE_LOADER = "$(TEST_HOST)";
				CODE_SIGN_STYLE = Automatic;
				INFOPLIST_FILE = "CriticalTechWorks 2019 PT Tests/Info.plist";
				LD_RUNPATH_SEARCH_PATHS = (
					"$(inherited)",
					"@executable_path/Frameworks",
					"@loader_path/Frameworks",
				);
				PRODUCT_BUNDLE_IDENTIFIER = "com.brunosilva.CriticalTechWorks-2019-PT-Tests";
				PRODUCT_NAME = "$(TARGET_NAME)";
				SWIFT_VERSION = 4.2;
				TARGETED_DEVICE_FAMILY = "1,2";
				TEST_HOST = "$(BUILT_PRODUCTS_DIR)/CriticalTechWorks 2019 PT.app/CriticalTechWorks 2019 PT";
			};
			name = Debug;
		};
		15FE25A82337A83000C37E6F /* Release */ = {
			isa = XCBuildConfiguration;
			buildSettings = {
				BUNDLE_LOADER = "$(TEST_HOST)";
				CODE_SIGN_STYLE = Automatic;
				INFOPLIST_FILE = "CriticalTechWorks 2019 PT Tests/Info.plist";
				LD_RUNPATH_SEARCH_PATHS = (
					"$(inherited)",
					"@executable_path/Frameworks",
					"@loader_path/Frameworks",
				);
				PRODUCT_BUNDLE_IDENTIFIER = "com.brunosilva.CriticalTechWorks-2019-PT-Tests";
				PRODUCT_NAME = "$(TARGET_NAME)";
				SWIFT_VERSION = 4.2;
				TARGETED_DEVICE_FAMILY = "1,2";
				TEST_HOST = "$(BUILT_PRODUCTS_DIR)/CriticalTechWorks 2019 PT.app/CriticalTechWorks 2019 PT";
			};
			name = Release;
		};
/* End XCBuildConfiguration section */

/* Begin XCConfigurationList section */
		1571B0DD23350A0F004AA911 /* Build configuration list for PBXNativeTarget "CriticalTechWorks 2019 US" */ = {
			isa = XCConfigurationList;
			buildConfigurations = (
				1571B0DE23350A0F004AA911 /* Debug */,
				1571B0DF23350A0F004AA911 /* Release */,
			);
			defaultConfigurationIsVisible = 0;
			defaultConfigurationName = Release;
		};
		1572D70923313E7400CFBA6F /* Build configuration list for PBXProject "CriticalTechWorks 2019" */ = {
			isa = XCConfigurationList;
			buildConfigurations = (
				1572D71E23313E7600CFBA6F /* Debug */,
				1572D71F23313E7600CFBA6F /* Release */,
			);
			defaultConfigurationIsVisible = 0;
			defaultConfigurationName = Release;
		};
		1572D72023313E7600CFBA6F /* Build configuration list for PBXNativeTarget "CriticalTechWorks 2019 PT" */ = {
			isa = XCConfigurationList;
			buildConfigurations = (
				1572D72123313E7600CFBA6F /* Debug */,
				1572D72223313E7600CFBA6F /* Release */,
			);
			defaultConfigurationIsVisible = 0;
			defaultConfigurationName = Release;
		};
		15FDC27023322E3A00AC7092 /* Build configuration list for PBXNativeTarget "CriticalTechWorks 2019SlowTests" */ = {
			isa = XCConfigurationList;
			buildConfigurations = (
				15FDC26E23322E3A00AC7092 /* Debug */,
				15FDC26F23322E3A00AC7092 /* Release */,
			);
			defaultConfigurationIsVisible = 0;
			defaultConfigurationName = Release;
		};
		15FDC27C2332314C00AC7092 /* Build configuration list for PBXNativeTarget "CriticalTechWorks 2019FakeTests" */ = {
			isa = XCConfigurationList;
			buildConfigurations = (
				15FDC27D2332314C00AC7092 /* Debug */,
				15FDC27E2332314C00AC7092 /* Release */,
			);
			defaultConfigurationIsVisible = 0;
			defaultConfigurationName = Release;
		};
		15FE25A62337A83000C37E6F /* Build configuration list for PBXNativeTarget "CriticalTechWorks 2019 PT Tests" */ = {
			isa = XCConfigurationList;
			buildConfigurations = (
				15FE25A72337A83000C37E6F /* Debug */,
				15FE25A82337A83000C37E6F /* Release */,
			);
			defaultConfigurationIsVisible = 0;
			defaultConfigurationName = Release;
		};
/* End XCConfigurationList section */
	};
	rootObject = 1572D70623313E7400CFBA6F /* Project object */;
}
